
Microsoft Visual Studio Solution File, Format Version 12.00
# Visual Studio Version 16
VisualStudioVersion = 16.0.30611.23
MinimumVisualStudioVersion = 10.0.40219.1
Project("{FAE04EC0-301F-11D3-BF4B-00C04F79EFBC}") = "Algorithms.LinkedList", "Algorithms.LinkedList\Algorithms.LinkedList.csproj", "{D0538571-859F-4AE5-82B0-98B16294E58C}"
EndProject
Global
	GlobalSection(SolutionConfigurationPlatforms) = preSolution
		Debug|Any CPU = Debug|Any CPU
		Release|Any CPU = Release|Any CPU
	EndGlobalSection
	GlobalSection(ProjectConfigurationPlatforms) = postSolution
		{D0538571-859F-4AE5-82B0-98B16294E58C}.Debug|Any CPU.ActiveCfg = Debug|Any CPU
		{D0538571-859F-4AE5-82B0-98B16294E58C}.Debug|Any CPU.Build.0 = Debug|Any CPU
		{D0538571-859F-4AE5-82B0-98B16294E58C}.Release|Any CPU.ActiveCfg = Release|Any CPU
		{D0538571-859F-4AE5-82B0-98B16294E58C}.Release|Any CPU.Build.0 = Release|Any CPU
	EndGlobalSection
	GlobalSection(SolutionProperties) = preSolution
		HideSolutionNode = FALSE
	EndGlobalSection
	GlobalSection(ExtensibilityGlobals) = postSolution
		SolutionGuid = {AE445571-AF75-4AC6-AE21-821739A3725B}
	EndGlobalSection
EndGlobal
